
Microsoft Visual Studio Solution File, Format Version 9.00
# Visual Studio 2005
Project("{FAE04EC0-301F-11D3-BF4B-00C04F79EFBC}") = "kwm", "kwm.csproj", "{69C7DC1D-8D5E-41ED-BA84-9E9800FCEA44}"
EndProject
Global
	GlobalSection(SolutionConfigurationPlatforms) = preSolution
		Debug|Any CPU = Debug|Any CPU
		Release|Any CPU = Release|Any CPU
	EndGlobalSection
	GlobalSection(ProjectConfigurationPlatforms) = postSolution
		{69C7DC1D-8D5E-41ED-BA84-9E9800FCEA44}.Debug|Any CPU.ActiveCfg = Debug|Any CPU
		{69C7DC1D-8D5E-41ED-BA84-9E9800FCEA44}.Debug|Any CPU.Build.0 = Debug|Any CPU
		{69C7DC1D-8D5E-41ED-BA84-9E9800FCEA44}.Release|Any CPU.ActiveCfg = Release|Any CPU
		{69C7DC1D-8D5E-41ED-BA84-9E9800FCEA44}.Release|Any CPU.Build.0 = Release|Any CPU
	EndGlobalSection
	GlobalSection(SolutionProperties) = preSolution
		HideSolutionNode = FALSE
	EndGlobalSection
EndGlobal
